// !$*UTF8*$!
{
	archiveVersion = 1;
	classes = {
	};
	objectVersion = 56;
	objects = {

/* Begin PBXBuildFile section */
		D3820EC32B34965000254C1D /* AppDelegate.swift in Sources */ = {isa = PBXBuildFile; fileRef = D3820EC22B34965000254C1D /* AppDelegate.swift */; };
		D3820EC52B34965000254C1D /* SceneDelegate.swift in Sources */ = {isa = PBXBuildFile; fileRef = D3820EC42B34965000254C1D /* SceneDelegate.swift */; };
		D3820ECA2B34965000254C1D /* Main.storyboard in Resources */ = {isa = PBXBuildFile; fileRef = D3820EC82B34965000254C1D /* Main.storyboard */; };
		D3820ECC2B34965300254C1D /* Assets.xcassets in Resources */ = {isa = PBXBuildFile; fileRef = D3820ECB2B34965300254C1D /* Assets.xcassets */; };
		D3820ECF2B34965300254C1D /* LaunchScreen.storyboard in Resources */ = {isa = PBXBuildFile; fileRef = D3820ECD2B34965300254C1D /* LaunchScreen.storyboard */; };
		D3820EDA2B34965300254C1D /* HW40_1_CollectionView_ProgrammaticallyTests.swift in Sources */ = {isa = PBXBuildFile; fileRef = D3820ED92B34965300254C1D /* HW40_1_CollectionView_ProgrammaticallyTests.swift */; };
		D3820EE42B34965300254C1D /* HW40_1_CollectionView_ProgrammaticallyUITests.swift in Sources */ = {isa = PBXBuildFile; fileRef = D3820EE32B34965300254C1D /* HW40_1_CollectionView_ProgrammaticallyUITests.swift */; };
		D3820EE62B34965300254C1D /* HW40_1_CollectionView_ProgrammaticallyUITestsLaunchTests.swift in Sources */ = {isa = PBXBuildFile; fileRef = D3820EE52B34965300254C1D /* HW40_1_CollectionView_ProgrammaticallyUITestsLaunchTests.swift */; };
		D3820EF32B3496A200254C1D /* CollectionViewController.swift in Sources */ = {isa = PBXBuildFile; fileRef = D3820EF22B3496A200254C1D /* CollectionViewController.swift */; };
		D3820EF52B34971E00254C1D /* Data.swift in Sources */ = {isa = PBXBuildFile; fileRef = D3820EF42B34971E00254C1D /* Data.swift */; };
		D3820EFA2B349B3A00254C1D /* CollectionViewCell.swift in Sources */ = {isa = PBXBuildFile; fileRef = D3820EF92B349B3A00254C1D /* CollectionViewCell.swift */; };
		D3820EFF2B349CE300254C1D /* WebViewController.swift in Sources */ = {isa = PBXBuildFile; fileRef = D3820EFE2B349CE300254C1D /* WebViewController.swift */; };
/* End PBXBuildFile section */

/* Begin PBXContainerItemProxy section */
		D3820ED62B34965300254C1D /* PBXContainerItemProxy */ = {
			isa = PBXContainerItemProxy;
			containerPortal = D3820EB72B34965000254C1D /* Project object */;
			proxyType = 1;
			remoteGlobalIDString = D3820EBE2B34965000254C1D;
			remoteInfo = "HW40-1_CollectionView Programmatically";
		};
		D3820EE02B34965300254C1D /* PBXContainerItemProxy */ = {
			isa = PBXContainerItemProxy;
			containerPortal = D3820EB72B34965000254C1D /* Project object */;
			proxyType = 1;
			remoteGlobalIDString = D3820EBE2B34965000254C1D;
			remoteInfo = "HW40-1_CollectionView Programmatically";
		};
/* End PBXContainerItemProxy section */

/* Begin PBXFileReference section */
		D3820EBF2B34965000254C1D /* HW40-1_CollectionView Programmatically.app */ = {isa = PBXFileReference; explicitFileType = wrapper.application; includeInIndex = 0; path = "HW40-1_CollectionView Programmatically.app"; sourceTree = BUILT_PRODUCTS_DIR; };
		D3820EC22B34965000254C1D /* AppDelegate.swift */ = {isa = PBXFileReference; lastKnownFileType = sourcecode.swift; path = AppDelegate.swift; sourceTree = "<group>"; };
		D3820EC42B34965000254C1D /* SceneDelegate.swift */ = {isa = PBXFileReference; lastKnownFileType = sourcecode.swift; path = SceneDelegate.swift; sourceTree = "<group>"; };
		D3820EC92B34965000254C1D /* Base */ = {isa = PBXFileReference; lastKnownFileType = file.storyboard; name = Base; path = Base.lproj/Main.storyboard; sourceTree = "<group>"; };
		D3820ECB2B34965300254C1D /* Assets.xcassets */ = {isa = PBXFileReference; lastKnownFileType = folder.assetcatalog; path = Assets.xcassets; sourceTree = "<group>"; };
		D3820ECE2B34965300254C1D /* Base */ = {isa = PBXFileReference; lastKnownFileType = file.storyboard; name = Base; path = Base.lproj/LaunchScreen.storyboard; sourceTree = "<group>"; };
		D3820ED02B34965300254C1D /* Info.plist */ = {isa = PBXFileReference; lastKnownFileType = text.plist.xml; path = Info.plist; sourceTree = "<group>"; };
		D3820ED52B34965300254C1D /* HW40-1_CollectionView ProgrammaticallyTests.xctest */ = {isa = PBXFileReference; explicitFileType = wrapper.cfbundle; includeInIndex = 0; path = "HW40-1_CollectionView ProgrammaticallyTests.xctest"; sourceTree = BUILT_PRODUCTS_DIR; };
		D3820ED92B34965300254C1D /* HW40_1_CollectionView_ProgrammaticallyTests.swift */ = {isa = PBXFileReference; lastKnownFileType = sourcecode.swift; path = HW40_1_CollectionView_ProgrammaticallyTests.swift; sourceTree = "<group>"; };
		D3820EDF2B34965300254C1D /* HW40-1_CollectionView ProgrammaticallyUITests.xctest */ = {isa = PBXFileReference; explicitFileType = wrapper.cfbundle; includeInIndex = 0; path = "HW40-1_CollectionView ProgrammaticallyUITests.xctest"; sourceTree = BUILT_PRODUCTS_DIR; };
		D3820EE32B34965300254C1D /* HW40_1_CollectionView_ProgrammaticallyUITests.swift */ = {isa = PBXFileReference; lastKnownFileType = sourcecode.swift; path = HW40_1_CollectionView_ProgrammaticallyUITests.swift; sourceTree = "<group>"; };
		D3820EE52B34965300254C1D /* HW40_1_CollectionView_ProgrammaticallyUITestsLaunchTests.swift */ = {isa = PBXFileReference; lastKnownFileType = sourcecode.swift; path = HW40_1_CollectionView_ProgrammaticallyUITestsLaunchTests.swift; sourceTree = "<group>"; };
		D3820EF22B3496A200254C1D /* CollectionViewController.swift */ = {isa = PBXFileReference; lastKnownFileType = sourcecode.swift; path = CollectionViewController.swift; sourceTree = "<group>"; };
		D3820EF42B34971E00254C1D /* Data.swift */ = {isa = PBXFileReference; lastKnownFileType = sourcecode.swift; path = Data.swift; sourceTree = "<group>"; };
		D3820EF92B349B3A00254C1D /* CollectionViewCell.swift */ = {isa = PBXFileReference; lastKnownFileType = sourcecode.swift; path = CollectionViewCell.swift; sourceTree = "<group>"; };
		D3820EFE2B349CE300254C1D /* WebViewController.swift */ = {isa = PBXFileReference; lastKnownFileType = sourcecode.swift; path = WebViewController.swift; sourceTree = "<group>"; };
		D3820F022B35FDAC00254C1D /* README.md */ = {isa = PBXFileReference; lastKnownFileType = net.daringfireball.markdown; path = README.md; sourceTree = "<group>"; };
/* End PBXFileReference section */

/* Begin PBXFrameworksBuildPhase section */
		D3820EBC2B34965000254C1D /* Frameworks */ = {
			isa = PBXFrameworksBuildPhase;
			buildActionMask = 2147483647;
			files = (
			);
			runOnlyForDeploymentPostprocessing = 0;
		};
		D3820ED22B34965300254C1D /* Frameworks */ = {
			isa = PBXFrameworksBuildPhase;
			buildActionMask = 2147483647;
			files = (
			);
			runOnlyForDeploymentPostprocessing = 0;
		};
		D3820EDC2B34965300254C1D /* Frameworks */ = {
			isa = PBXFrameworksBuildPhase;
			buildActionMask = 2147483647;
			files = (
			);
			runOnlyForDeploymentPostprocessing = 0;
		};
/* End PBXFrameworksBuildPhase section */

/* Begin PBXGroup section */
		D3820EB62B34965000254C1D = {
			isa = PBXGroup;
			children = (
				D3820EC12B34965000254C1D /* HW40-1_CollectionView Programmatically */,
				D3820ED82B34965300254C1D /* HW40-1_CollectionView ProgrammaticallyTests */,
				D3820EE22B34965300254C1D /* HW40-1_CollectionView ProgrammaticallyUITests */,
				D3820EC02B34965000254C1D /* Products */,
			);
			sourceTree = "<group>";
		};
		D3820EC02B34965000254C1D /* Products */ = {
			isa = PBXGroup;
			children = (
				D3820EBF2B34965000254C1D /* HW40-1_CollectionView Programmatically.app */,
				D3820ED52B34965300254C1D /* HW40-1_CollectionView ProgrammaticallyTests.xctest */,
				D3820EDF2B34965300254C1D /* HW40-1_CollectionView ProgrammaticallyUITests.xctest */,
			);
			name = Products;
			sourceTree = "<group>";
		};
		D3820EC12B34965000254C1D /* HW40-1_CollectionView Programmatically */ = {
			isa = PBXGroup;
			children = (
				D3820F022B35FDAC00254C1D /* README.md */,
				D3820EFE2B349CE300254C1D /* WebViewController.swift */,
				D3820EF62B349AEB00254C1D /* Supporting Files */,
				D3820EF82B349B1E00254C1D /* CollectionView */,
				D3820EF72B349B1800254C1D /* Model */,
				D3820ED02B34965300254C1D /* Info.plist */,
			);
			path = "HW40-1_CollectionView Programmatically";
			sourceTree = "<group>";
		};
		D3820ED82B34965300254C1D /* HW40-1_CollectionView ProgrammaticallyTests */ = {
			isa = PBXGroup;
			children = (
				D3820ED92B34965300254C1D /* HW40_1_CollectionView_ProgrammaticallyTests.swift */,
			);
			path = "HW40-1_CollectionView ProgrammaticallyTests";
			sourceTree = "<group>";
		};
		D3820EE22B34965300254C1D /* HW40-1_CollectionView ProgrammaticallyUITests */ = {
			isa = PBXGroup;
			children = (
				D3820EE32B34965300254C1D /* HW40_1_CollectionView_ProgrammaticallyUITests.swift */,
				D3820EE52B34965300254C1D /* HW40_1_CollectionView_ProgrammaticallyUITestsLaunchTests.swift */,
			);
			path = "HW40-1_CollectionView ProgrammaticallyUITests";
			sourceTree = "<group>";
		};
		D3820EF62B349AEB00254C1D /* Supporting Files */ = {
			isa = PBXGroup;
			children = (
				D3820EC22B34965000254C1D /* AppDelegate.swift */,
				D3820EC42B34965000254C1D /* SceneDelegate.swift */,
				D3820EC82B34965000254C1D /* Main.storyboard */,
				D3820ECB2B34965300254C1D /* Assets.xcassets */,
				D3820ECD2B34965300254C1D /* LaunchScreen.storyboard */,
			);
			path = "Supporting Files";
			sourceTree = "<group>";
		};
		D3820EF72B349B1800254C1D /* Model */ = {
			isa = PBXGroup;
			children = (
				D3820EF42B34971E00254C1D /* Data.swift */,
			);
			path = Model;
			sourceTree = "<group>";
		};
		D3820EF82B349B1E00254C1D /* CollectionView */ = {
			isa = PBXGroup;
			children = (
				D3820EF22B3496A200254C1D /* CollectionViewController.swift */,
				D3820EF92B349B3A00254C1D /* CollectionViewCell.swift */,
			);
			path = CollectionView;
			sourceTree = "<group>";
		};
/* End PBXGroup section */

/* Begin PBXNativeTarget section */
		D3820EBE2B34965000254C1D /* HW40-1_CollectionView Programmatically */ = {
			isa = PBXNativeTarget;
			buildConfigurationList = D3820EE92B34965300254C1D /* Build configuration list for PBXNativeTarget "HW40-1_CollectionView Programmatically" */;
			buildPhases = (
				D3820EBB2B34965000254C1D /* Sources */,
				D3820EBC2B34965000254C1D /* Frameworks */,
				D3820EBD2B34965000254C1D /* Resources */,
			);
			buildRules = (
			);
			dependencies = (
			);
			name = "HW40-1_CollectionView Programmatically";
			productName = "HW40-1_CollectionView Programmatically";
			productReference = D3820EBF2B34965000254C1D /* HW40-1_CollectionView Programmatically.app */;
			productType = "com.apple.product-type.application";
		};
		D3820ED42B34965300254C1D /* HW40-1_CollectionView ProgrammaticallyTests */ = {
			isa = PBXNativeTarget;
			buildConfigurationList = D3820EEC2B34965300254C1D /* Build configuration list for PBXNativeTarget "HW40-1_CollectionView ProgrammaticallyTests" */;
			buildPhases = (
				D3820ED12B34965300254C1D /* Sources */,
				D3820ED22B34965300254C1D /* Frameworks */,
				D3820ED32B34965300254C1D /* Resources */,
			);
			buildRules = (
			);
			dependencies = (
				D3820ED72B34965300254C1D /* PBXTargetDependency */,
			);
			name = "HW40-1_CollectionView ProgrammaticallyTests";
			productName = "HW40-1_CollectionView ProgrammaticallyTests";
			productReference = D3820ED52B34965300254C1D /* HW40-1_CollectionView ProgrammaticallyTests.xctest */;
			productType = "com.apple.product-type.bundle.unit-test";
		};
		D3820EDE2B34965300254C1D /* HW40-1_CollectionView ProgrammaticallyUITests */ = {
			isa = PBXNativeTarget;
			buildConfigurationList = D3820EEF2B34965300254C1D /* Build configuration list for PBXNativeTarget "HW40-1_CollectionView ProgrammaticallyUITests" */;
			buildPhases = (
				D3820EDB2B34965300254C1D /* Sources */,
				D3820EDC2B34965300254C1D /* Frameworks */,
				D3820EDD2B34965300254C1D /* Resources */,
			);
			buildRules = (
			);
			dependencies = (
				D3820EE12B34965300254C1D /* PBXTargetDependency */,
			);
			name = "HW40-1_CollectionView ProgrammaticallyUITests";
			productName = "HW40-1_CollectionView ProgrammaticallyUITests";
			productReference = D3820EDF2B34965300254C1D /* HW40-1_CollectionView ProgrammaticallyUITests.xctest */;
			productType = "com.apple.product-type.bundle.ui-testing";
		};
/* End PBXNativeTarget section */

/* Begin PBXProject section */
		D3820EB72B34965000254C1D /* Project object */ = {
			isa = PBXProject;
			attributes = {
				BuildIndependentTargetsInParallel = 1;
				LastSwiftUpdateCheck = 1510;
				LastUpgradeCheck = 1510;
				TargetAttributes = {
					D3820EBE2B34965000254C1D = {
						CreatedOnToolsVersion = 15.1;
					};
					D3820ED42B34965300254C1D = {
						CreatedOnToolsVersion = 15.1;
						TestTargetID = D3820EBE2B34965000254C1D;
					};
					D3820EDE2B34965300254C1D = {
						CreatedOnToolsVersion = 15.1;
						TestTargetID = D3820EBE2B34965000254C1D;
					};
				};
			};
			buildConfigurationList = D3820EBA2B34965000254C1D /* Build configuration list for PBXProject "HW40-1_CollectionView Programmatically" */;
			compatibilityVersion = "Xcode 14.0";
			developmentRegion = en;
			hasScannedForEncodings = 0;
			knownRegions = (
				en,
				Base,
			);
			mainGroup = D3820EB62B34965000254C1D;
			productRefGroup = D3820EC02B34965000254C1D /* Products */;
			projectDirPath = "";
			projectRoot = "";
			targets = (
				D3820EBE2B34965000254C1D /* HW40-1_CollectionView Programmatically */,
				D3820ED42B34965300254C1D /* HW40-1_CollectionView ProgrammaticallyTests */,
				D3820EDE2B34965300254C1D /* HW40-1_CollectionView ProgrammaticallyUITests */,
			);
		};
/* End PBXProject section */

/* Begin PBXResourcesBuildPhase section */
		D3820EBD2B34965000254C1D /* Resources */ = {
			isa = PBXResourcesBuildPhase;
			buildActionMask = 2147483647;
			files = (
				D3820ECF2B34965300254C1D /* LaunchScreen.storyboard in Resources */,
				D3820ECC2B34965300254C1D /* Assets.xcassets in Resources */,
				D3820ECA2B34965000254C1D /* Main.storyboard in Resources */,
			);
			runOnlyForDeploymentPostprocessing = 0;
		};
		D3820ED32B34965300254C1D /* Resources */ = {
			isa = PBXResourcesBuildPhase;
			buildActionMask = 2147483647;
			files = (
			);
			runOnlyForDeploymentPostprocessing = 0;
		};
		D3820EDD2B34965300254C1D /* Resources */ = {
			isa = PBXResourcesBuildPhase;
			buildActionMask = 2147483647;
			files = (
			);
			runOnlyForDeploymentPostprocessing = 0;
		};
/* End PBXResourcesBuildPhase section */

/* Begin PBXSourcesBuildPhase section */
		D3820EBB2B34965000254C1D /* Sources */ = {
			isa = PBXSourcesBuildPhase;
			buildActionMask = 2147483647;
			files = (
				D3820EFA2B349B3A00254C1D /* CollectionViewCell.swift in Sources */,
				D3820EFF2B349CE300254C1D /* WebViewController.swift in Sources */,
				D3820EF32B3496A200254C1D /* CollectionViewController.swift in Sources */,
				D3820EC32B34965000254C1D /* AppDelegate.swift in Sources */,
				D3820EC52B34965000254C1D /* SceneDelegate.swift in Sources */,
				D3820EF52B34971E00254C1D /* Data.swift in Sources */,
			);
			runOnlyForDeploymentPostprocessing = 0;
		};
		D3820ED12B34965300254C1D /* Sources */ = {
			isa = PBXSourcesBuildPhase;
			buildActionMask = 2147483647;
			files = (
				D3820EDA2B34965300254C1D /* HW40_1_CollectionView_ProgrammaticallyTests.swift in Sources */,
			);
			runOnlyForDeploymentPostprocessing = 0;
		};
		D3820EDB2B34965300254C1D /* Sources */ = {
			isa = PBXSourcesBuildPhase;
			buildActionMask = 2147483647;
			files = (
				D3820EE62B34965300254C1D /* HW40_1_CollectionView_ProgrammaticallyUITestsLaunchTests.swift in Sources */,
				D3820EE42B34965300254C1D /* HW40_1_CollectionView_ProgrammaticallyUITests.swift in Sources */,
			);
			runOnlyForDeploymentPostprocessing = 0;
		};
/* End PBXSourcesBuildPhase section */

/* Begin PBXTargetDependency section */
		D3820ED72B34965300254C1D /* PBXTargetDependency */ = {
			isa = PBXTargetDependency;
			target = D3820EBE2B34965000254C1D /* HW40-1_CollectionView Programmatically */;
			targetProxy = D3820ED62B34965300254C1D /* PBXContainerItemProxy */;
		};
		D3820EE12B34965300254C1D /* PBXTargetDependency */ = {
			isa = PBXTargetDependency;
			target = D3820EBE2B34965000254C1D /* HW40-1_CollectionView Programmatically */;
			targetProxy = D3820EE02B34965300254C1D /* PBXContainerItemProxy */;
		};
/* End PBXTargetDependency section */

/* Begin PBXVariantGroup section */
		D3820EC82B34965000254C1D /* Main.storyboard */ = {
			isa = PBXVariantGroup;
			children = (
				D3820EC92B34965000254C1D /* Base */,
			);
			name = Main.storyboard;
			sourceTree = "<group>";
		};
		D3820ECD2B34965300254C1D /* LaunchScreen.storyboard */ = {
			isa = PBXVariantGroup;
			children = (
				D3820ECE2B34965300254C1D /* Base */,
			);
			name = LaunchScreen.storyboard;
			sourceTree = "<group>";
		};
/* End PBXVariantGroup section */

/* Begin XCBuildConfiguration section */
		D3820EE72B34965300254C1D /* Debug */ = {
			isa = XCBuildConfiguration;
			buildSettings = {
				ALWAYS_SEARCH_USER_PATHS = NO;
				ASSETCATALOG_COMPILER_GENERATE_SWIFT_ASSET_SYMBOL_EXTENSIONS = YES;
				CLANG_ANALYZER_NONNULL = YES;
				CLANG_ANALYZER_NUMBER_OBJECT_CONVERSION = YES_AGGRESSIVE;
				CLANG_CXX_LANGUAGE_STANDARD = "gnu++20";
				CLANG_ENABLE_MODULES = YES;
				CLANG_ENABLE_OBJC_ARC = YES;
				CLANG_ENABLE_OBJC_WEAK = YES;
				CLANG_WARN_BLOCK_CAPTURE_AUTORELEASING = YES;
				CLANG_WARN_BOOL_CONVERSION = YES;
				CLANG_WARN_COMMA = YES;
				CLANG_WARN_CONSTANT_CONVERSION = YES;
				CLANG_WARN_DEPRECATED_OBJC_IMPLEMENTATIONS = YES;
				CLANG_WARN_DIRECT_OBJC_ISA_USAGE = YES_ERROR;
				CLANG_WARN_DOCUMENTATION_COMMENTS = YES;
				CLANG_WARN_EMPTY_BODY = YES;
				CLANG_WARN_ENUM_CONVERSION = YES;
				CLANG_WARN_INFINITE_RECURSION = YES;
				CLANG_WARN_INT_CONVERSION = YES;
				CLANG_WARN_NON_LITERAL_NULL_CONVERSION = YES;
				CLANG_WARN_OBJC_IMPLICIT_RETAIN_SELF = YES;
				CLANG_WARN_OBJC_LITERAL_CONVERSION = YES;
				CLANG_WARN_OBJC_ROOT_CLASS = YES_ERROR;
				CLANG_WARN_QUOTED_INCLUDE_IN_FRAMEWORK_HEADER = YES;
				CLANG_WARN_RANGE_LOOP_ANALYSIS = YES;
				CLANG_WARN_STRICT_PROTOTYPES = YES;
				CLANG_WARN_SUSPICIOUS_MOVE = YES;
				CLANG_WARN_UNGUARDED_AVAILABILITY = YES_AGGRESSIVE;
				CLANG_WARN_UNREACHABLE_CODE = YES;
				CLANG_WARN__DUPLICATE_METHOD_MATCH = YES;
				COPY_PHASE_STRIP = NO;
				DEBUG_INFORMATION_FORMAT = dwarf;
				ENABLE_STRICT_OBJC_MSGSEND = YES;
				ENABLE_TESTABILITY = YES;
				ENABLE_USER_SCRIPT_SANDBOXING = YES;
				GCC_C_LANGUAGE_STANDARD = gnu17;
				GCC_DYNAMIC_NO_PIC = NO;
				GCC_NO_COMMON_BLOCKS = YES;
				GCC_OPTIMIZATION_LEVEL = 0;
				GCC_PREPROCESSOR_DEFINITIONS = (
					"DEBUG=1",
					"$(inherited)",
				);
				GCC_WARN_64_TO_32_BIT_CONVERSION = YES;
				GCC_WARN_ABOUT_RETURN_TYPE = YES_ERROR;
				GCC_WARN_UNDECLARED_SELECTOR = YES;
				GCC_WARN_UNINITIALIZED_AUTOS = YES_AGGRESSIVE;
				GCC_WARN_UNUSED_FUNCTION = YES;
				GCC_WARN_UNUSED_VARIABLE = YES;
				IPHONEOS_DEPLOYMENT_TARGET = 17.2;
				LOCALIZATION_PREFERS_STRING_CATALOGS = YES;
				MTL_ENABLE_DEBUG_INFO = INCLUDE_SOURCE;
				MTL_FAST_MATH = YES;
				ONLY_ACTIVE_ARCH = YES;
				SDKROOT = iphoneos;
				SWIFT_ACTIVE_COMPILATION_CONDITIONS = "DEBUG $(inherited)";
				SWIFT_OPTIMIZATION_LEVEL = "-Onone";
			};
			name = Debug;
		};
		D3820EE82B34965300254C1D /* Release */ = {
			isa = XCBuildConfiguration;
			buildSettings = {
				ALWAYS_SEARCH_USER_PATHS = NO;
				ASSETCATALOG_COMPILER_GENERATE_SWIFT_ASSET_SYMBOL_EXTENSIONS = YES;
				CLANG_ANALYZER_NONNULL = YES;
				CLANG_ANALYZER_NUMBER_OBJECT_CONVERSION = YES_AGGRESSIVE;
				CLANG_CXX_LANGUAGE_STANDARD = "gnu++20";
				CLANG_ENABLE_MODULES = YES;
				CLANG_ENABLE_OBJC_ARC = YES;
				CLANG_ENABLE_OBJC_WEAK = YES;
				CLANG_WARN_BLOCK_CAPTURE_AUTORELEASING = YES;
				CLANG_WARN_BOOL_CONVERSION = YES;
				CLANG_WARN_COMMA = YES;
				CLANG_WARN_CONSTANT_CONVERSION = YES;
				CLANG_WARN_DEPRECATED_OBJC_IMPLEMENTATIONS = YES;
				CLANG_WARN_DIRECT_OBJC_ISA_USAGE = YES_ERROR;
				CLANG_WARN_DOCUMENTATION_COMMENTS = YES;
				CLANG_WARN_EMPTY_BODY = YES;
				CLANG_WARN_ENUM_CONVERSION = YES;
				CLANG_WARN_INFINITE_RECURSION = YES;
				CLANG_WARN_INT_CONVERSION = YES;
				CLANG_WARN_NON_LITERAL_NULL_CONVERSION = YES;
				CLANG_WARN_OBJC_IMPLICIT_RETAIN_SELF = YES;
				CLANG_WARN_OBJC_LITERAL_CONVERSION = YES;
				CLANG_WARN_OBJC_ROOT_CLASS = YES_ERROR;
				CLANG_WARN_QUOTED_INCLUDE_IN_FRAMEWORK_HEADER = YES;
				CLANG_WARN_RANGE_LOOP_ANALYSIS = YES;
				CLANG_WARN_STRICT_PROTOTYPES = YES;
				CLANG_WARN_SUSPICIOUS_MOVE = YES;
				CLANG_WARN_UNGUARDED_AVAILABILITY = YES_AGGRESSIVE;
				CLANG_WARN_UNREACHABLE_CODE = YES;
				CLANG_WARN__DUPLICATE_METHOD_MATCH = YES;
				COPY_PHASE_STRIP = NO;
				DEBUG_INFORMATION_FORMAT = "dwarf-with-dsym";
				ENABLE_NS_ASSERTIONS = NO;
				ENABLE_STRICT_OBJC_MSGSEND = YES;
				ENABLE_USER_SCRIPT_SANDBOXING = YES;
				GCC_C_LANGUAGE_STANDARD = gnu17;
				GCC_NO_COMMON_BLOCKS = YES;
				GCC_WARN_64_TO_32_BIT_CONVERSION = YES;
				GCC_WARN_ABOUT_RETURN_TYPE = YES_ERROR;
				GCC_WARN_UNDECLARED_SELECTOR = YES;
				GCC_WARN_UNINITIALIZED_AUTOS = YES_AGGRESSIVE;
				GCC_WARN_UNUSED_FUNCTION = YES;
				GCC_WARN_UNUSED_VARIABLE = YES;
				IPHONEOS_DEPLOYMENT_TARGET = 17.2;
				LOCALIZATION_PREFERS_STRING_CATALOGS = YES;
				MTL_ENABLE_DEBUG_INFO = NO;
				MTL_FAST_MATH = YES;
				SDKROOT = iphoneos;
				SWIFT_COMPILATION_MODE = wholemodule;
				VALIDATE_PRODUCT = YES;
			};
			name = Release;
		};
		D3820EEA2B34965300254C1D /* Debug */ = {
			isa = XCBuildConfiguration;
			buildSettings = {
				ASSETCATALOG_COMPILER_APPICON_NAME = AppIcon;
				ASSETCATALOG_COMPILER_GLOBAL_ACCENT_COLOR_NAME = AccentColor;
				CODE_SIGN_STYLE = Automatic;
				CURRENT_PROJECT_VERSION = 1;
				DEVELOPMENT_TEAM = 7NJ9W73ML8;
				GENERATE_INFOPLIST_FILE = YES;
				INFOPLIST_FILE = "HW40-1_CollectionView Programmatically/Info.plist";
				INFOPLIST_KEY_UIApplicationSupportsIndirectInputEvents = YES;
				INFOPLIST_KEY_UILaunchStoryboardName = LaunchScreen;
				INFOPLIST_KEY_UISupportedInterfaceOrientations_iPad = "UIInterfaceOrientationPortrait UIInterfaceOrientationPortraitUpsideDown UIInterfaceOrientationLandscapeLeft UIInterfaceOrientationLandscapeRight";
				INFOPLIST_KEY_UISupportedInterfaceOrientations_iPhone = "UIInterfaceOrientationPortrait UIInterfaceOrientationLandscapeLeft UIInterfaceOrientationLandscapeRight";
				LD_RUNPATH_SEARCH_PATHS = (
					"$(inherited)",
					"@executable_path/Frameworks",
				);
				MARKETING_VERSION = 1.0;
				PRODUCT_BUNDLE_IDENTIFIER = "com.dawei84.HW40-1-CollectionView-Programmatically";
				PRODUCT_NAME = "$(TARGET_NAME)";
				SWIFT_EMIT_LOC_STRINGS = YES;
				SWIFT_VERSION = 5.0;
				TARGETED_DEVICE_FAMILY = "1,2";
			};
			name = Debug;
		};
		D3820EEB2B34965300254C1D /* Release */ = {
			isa = XCBuildConfiguration;
			buildSettings = {
				ASSETCATALOG_COMPILER_APPICON_NAME = AppIcon;
				ASSETCATALOG_COMPILER_GLOBAL_ACCENT_COLOR_NAME = AccentColor;
				CODE_SIGN_STYLE = Automatic;
				CURRENT_PROJECT_VERSION = 1;
				DEVELOPMENT_TEAM = 7NJ9W73ML8;
				GENERATE_INFOPLIST_FILE = YES;
				INFOPLIST_FILE = "HW40-1_CollectionView Programmatically/Info.plist";
				INFOPLIST_KEY_UIApplicationSupportsIndirectInputEvents = YES;
				INFOPLIST_KEY_UILaunchStoryboardName = LaunchScreen;
				INFOPLIST_KEY_UISupportedInterfaceOrientations_iPad = "UIInterfaceOrientationPortrait UIInterfaceOrientationPortraitUpsideDown UIInterfaceOrientationLandscapeLeft UIInterfaceOrientationLandscapeRight";
				INFOPLIST_KEY_UISupportedInterfaceOrientations_iPhone = "UIInterfaceOrientationPortrait UIInterfaceOrientationLandscapeLeft UIInterfaceOrientationLandscapeRight";
				LD_RUNPATH_SEARCH_PATHS = (
					"$(inherited)",
					"@executable_path/Frameworks",
				);
				MARKETING_VERSION = 1.0;
				PRODUCT_BUNDLE_IDENTIFIER = "com.dawei84.HW40-1-CollectionView-Programmatically";
				PRODUCT_NAME = "$(TARGET_NAME)";
				SWIFT_EMIT_LOC_STRINGS = YES;
				SWIFT_VERSION = 5.0;
				TARGETED_DEVICE_FAMILY = "1,2";
			};
			name = Release;
		};
		D3820EED2B34965300254C1D /* Debug */ = {
			isa = XCBuildConfiguration;
			buildSettings = {
				ALWAYS_EMBED_SWIFT_STANDARD_LIBRARIES = YES;
				BUNDLE_LOADER = "$(TEST_HOST)";
				CODE_SIGN_STYLE = Automatic;
				CURRENT_PROJECT_VERSION = 1;
				DEVELOPMENT_TEAM = 7NJ9W73ML8;
				GENERATE_INFOPLIST_FILE = YES;
				IPHONEOS_DEPLOYMENT_TARGET = 17.2;
				MARKETING_VERSION = 1.0;
				PRODUCT_BUNDLE_IDENTIFIER = "com.dawei84.HW40-1-CollectionView-ProgrammaticallyTests";
				PRODUCT_NAME = "$(TARGET_NAME)";
				SWIFT_EMIT_LOC_STRINGS = NO;
				SWIFT_VERSION = 5.0;
				TARGETED_DEVICE_FAMILY = "1,2";
				TEST_HOST = "$(BUILT_PRODUCTS_DIR)/HW40-1_CollectionView Programmatically.app/$(BUNDLE_EXECUTABLE_FOLDER_PATH)/HW40-1_CollectionView Programmatically";
			};
			name = Debug;
		};
		D3820EEE2B34965300254C1D /* Release */ = {
			isa = XCBuildConfiguration;
			buildSettings = {
				ALWAYS_EMBED_SWIFT_STANDARD_LIBRARIES = YES;
				BUNDLE_LOADER = "$(TEST_HOST)";
				CODE_SIGN_STYLE = Automatic;
				CURRENT_PROJECT_VERSION = 1;
				DEVELOPMENT_TEAM = 7NJ9W73ML8;
				GENERATE_INFOPLIST_FILE = YES;
				IPHONEOS_DEPLOYMENT_TARGET = 17.2;
				MARKETING_VERSION = 1.0;
				PRODUCT_BUNDLE_IDENTIFIER = "com.dawei84.HW40-1-CollectionView-ProgrammaticallyTests";
				PRODUCT_NAME = "$(TARGET_NAME)";
				SWIFT_EMIT_LOC_STRINGS = NO;
				SWIFT_VERSION = 5.0;
				TARGETED_DEVICE_FAMILY = "1,2";
				TEST_HOST = "$(BUILT_PRODUCTS_DIR)/HW40-1_CollectionView Programmatically.app/$(BUNDLE_EXECUTABLE_FOLDER_PATH)/HW40-1_CollectionView Programmatically";
			};
			name = Release;
		};
		D3820EF02B34965300254C1D /* Debug */ = {
			isa = XCBuildConfiguration;
			buildSettings = {
				ALWAYS_EMBED_SWIFT_STANDARD_LIBRARIES = YES;
				CODE_SIGN_STYLE = Automatic;
				CURRENT_PROJECT_VERSION = 1;
				DEVELOPMENT_TEAM = 7NJ9W73ML8;
				GENERATE_INFOPLIST_FILE = YES;
				MARKETING_VERSION = 1.0;
				PRODUCT_BUNDLE_IDENTIFIER = "com.dawei84.HW40-1-CollectionView-ProgrammaticallyUITests";
				PRODUCT_NAME = "$(TARGET_NAME)";
				SWIFT_EMIT_LOC_STRINGS = NO;
				SWIFT_VERSION = 5.0;
				TARGETED_DEVICE_FAMILY = "1,2";
				TEST_TARGET_NAME = "HW40-1_CollectionView Programmatically";
			};
			name = Debug;
		};
		D3820EF12B34965300254C1D /* Release */ = {
			isa = XCBuildConfiguration;
			buildSettings = {
				ALWAYS_EMBED_SWIFT_STANDARD_LIBRARIES = YES;
				CODE_SIGN_STYLE = Automatic;
				CURRENT_PROJECT_VERSION = 1;
				DEVELOPMENT_TEAM = 7NJ9W73ML8;
				GENERATE_INFOPLIST_FILE = YES;
				MARKETING_VERSION = 1.0;
				PRODUCT_BUNDLE_IDENTIFIER = "com.dawei84.HW40-1-CollectionView-ProgrammaticallyUITests";
				PRODUCT_NAME = "$(TARGET_NAME)";
				SWIFT_EMIT_LOC_STRINGS = NO;
				SWIFT_VERSION = 5.0;
				TARGETED_DEVICE_FAMILY = "1,2";
				TEST_TARGET_NAME = "HW40-1_CollectionView Programmatically";
			};
			name = Release;
		};
/* End XCBuildConfiguration section */

/* Begin XCConfigurationList section */
		D3820EBA2B34965000254C1D /* Build configuration list for PBXProject "HW40-1_CollectionView Programmatically" */ = {
			isa = XCConfigurationList;
			buildConfigurations = (
				D3820EE72B34965300254C1D /* Debug */,
				D3820EE82B34965300254C1D /* Release */,
			);
			defaultConfigurationIsVisible = 0;
			defaultConfigurationName = Release;
		};
		D3820EE92B34965300254C1D /* Build configuration list for PBXNativeTarget "HW40-1_CollectionView Programmatically" */ = {
			isa = XCConfigurationList;
			buildConfigurations = (
				D3820EEA2B34965300254C1D /* Debug */,
				D3820EEB2B34965300254C1D /* Release */,
			);
			defaultConfigurationIsVisible = 0;
			defaultConfigurationName = Release;
		};
		D3820EEC2B34965300254C1D /* Build configuration list for PBXNativeTarget "HW40-1_CollectionView ProgrammaticallyTests" */ = {
			isa = XCConfigurationList;
			buildConfigurations = (
				D3820EED2B34965300254C1D /* Debug */,
				D3820EEE2B34965300254C1D /* Release */,
			);
			defaultConfigurationIsVisible = 0;
			defaultConfigurationName = Release;
		};
		D3820EEF2B34965300254C1D /* Build configuration list for PBXNativeTarget "HW40-1_CollectionView ProgrammaticallyUITests" */ = {
			isa = XCConfigurationList;
			buildConfigurations = (
				D3820EF02B34965300254C1D /* Debug */,
				D3820EF12B34965300254C1D /* Release */,
			);
			defaultConfigurationIsVisible = 0;
			defaultConfigurationName = Release;
		};
/* End XCConfigurationList section */
	};
	rootObject = D3820EB72B34965000254C1D /* Project object */;
}
